
Microsoft Visual Studio Solution File, Format Version 12.00
# Visual Studio 2012
Project("{F088123C-0E9E-452A-89E6-6BA2F21D5CAC}") = "BusinessEntitiesModelingProject", "BusinessEntitiesModelingProject\BusinessEntitiesModelingProject.modelproj", "{FDA264F8-77B5-4719-94DC-BAC6E9F6AFF8}"
EndProject
Project("{FAE04EC0-301F-11D3-BF4B-00C04F79EFBC}") = "Com.MvTech.BusinessEntities", "BusinessEntitiesLib\Com.MvTech.BusinessEntities.csproj", "{C9DE9AB6-07B8-40CD-8D86-06B50637C11F}"
EndProject
Project("{FAE04EC0-301F-11D3-BF4B-00C04F79EFBC}") = "BusinessEntitiesModelingProjectLib", "BusinessEntitiesModelingProjectLib\BusinessEntitiesModelingProjectLib.csproj", "{C4913FA0-7420-4F66-A7A3-F1F5687F2B13}"
EndProject
Project("{FAE04EC0-301F-11D3-BF4B-00C04F79EFBC}") = "Com.MvTech.Db.Sql.NHibernate.Bp.Mapping", "NHibernateMapping\Com.MvTech.Db.Sql.NHibernate.Bp.Mapping.csproj", "{E5ED413E-8F1B-4AA2-BF20-F3A0FEBBB9FD}"
EndProject
Project("{FAE04EC0-301F-11D3-BF4B-00C04F79EFBC}") = "Com.MvTech.Db.Sql.NHibernate.Config.Mapping", "Com.MvTech.Data.Sql.NHibernate.Config\Com.MvTech.Db.Sql.NHibernate.Config.Mapping.csproj", "{86134CF7-5920-406B-8E14-D48B2AE56845}"
EndProject
Project("{FAE04EC0-301F-11D3-BF4B-00C04F79EFBC}") = "Com.MvTech.Framework", "Com.MvTech.Framework\Com.MvTech.Framework.csproj", "{387D3D02-3526-4998-9313-DAF6A7671674}"
EndProject
Project("{FAE04EC0-301F-11D3-BF4B-00C04F79EFBC}") = "Com.MvTech.BusinessComponents", "Com.MvTech.BusinessComponents\Com.MvTech.BusinessComponents.csproj", "{E702733A-D09F-4828-ABF6-A072B5670A19}"
EndProject
Project("{FAE04EC0-301F-11D3-BF4B-00C04F79EFBC}") = "Com.MvTech.Db.NHibernateProvider", "Com.MvTech.Db\Com.MvTech.Db.NHibernateProvider.csproj", "{5A48C0DD-A7EB-4352-9E7F-341DAEB781DF}"
EndProject
Project("{FAE04EC0-301F-11D3-BF4B-00C04F79EFBC}") = "Com.MvTech.Ui.ViewModel", "Com.MvTech.Ui.ViewModel\Com.MvTech.Ui.ViewModel.csproj", "{381D2DEA-8010-4303-B57A-77C8E7B30081}"
EndProject
Project("{FAE04EC0-301F-11D3-BF4B-00C04F79EFBC}") = "Com.MvTech.ServiceController", "Com.MvTech.ServiceController\Com.MvTech.ServiceController.csproj", "{C5DFC91B-B292-48FF-ACCA-182B420C64C4}"
EndProject
Project("{FAE04EC0-301F-11D3-BF4B-00C04F79EFBC}") = "TesterConsole", "TesterConsole\TesterConsole.csproj", "{4312562B-75BC-4F32-996B-77BB0889CE0F}"
EndProject
Project("{2150E333-8FDC-42A3-9474-1A3956D46DE8}") = ".nuget", ".nuget", "{7B122BF1-EC6C-4495-AD01-15C70887BF6D}"
	ProjectSection(SolutionItems) = preProject
		.nuget\NuGet.exe = .nuget\NuGet.exe
		.nuget\NuGet.targets = .nuget\NuGet.targets
	EndProjectSection
EndProject
Project("{FAE04EC0-301F-11D3-BF4B-00C04F79EFBC}") = "Com.MvTech.Db.Sql.NHibernate.User.Mapping", "Com.MvTech.Db.Sql.NHibernate.User.Mapping\Com.MvTech.Db.Sql.NHibernate.User.Mapping.csproj", "{43E9FC84-D6CA-40E9-8689-E608AAE5A047}"
EndProject
Project("{FAE04EC0-301F-11D3-BF4B-00C04F79EFBC}") = "EBill Tester", "EBill Tester\EBill Tester.csproj", "{3BAA8004-F89A-4108-A5AF-A36E58534300}"
EndProject
Global
	GlobalSection(SolutionConfigurationPlatforms) = preSolution
		Debug|Any CPU = Debug|Any CPU
		Release|Any CPU = Release|Any CPU
	EndGlobalSection
	GlobalSection(ProjectConfigurationPlatforms) = postSolution
		{381D2DEA-8010-4303-B57A-77C8E7B30081}.Debug|Any CPU.ActiveCfg = Debug|Any CPU
		{381D2DEA-8010-4303-B57A-77C8E7B30081}.Debug|Any CPU.Build.0 = Debug|Any CPU
		{381D2DEA-8010-4303-B57A-77C8E7B30081}.Release|Any CPU.ActiveCfg = Release|Any CPU
		{381D2DEA-8010-4303-B57A-77C8E7B30081}.Release|Any CPU.Build.0 = Release|Any CPU
		{387D3D02-3526-4998-9313-DAF6A7671674}.Debug|Any CPU.ActiveCfg = Debug|Any CPU
		{387D3D02-3526-4998-9313-DAF6A7671674}.Debug|Any CPU.Build.0 = Debug|Any CPU
		{387D3D02-3526-4998-9313-DAF6A7671674}.Release|Any CPU.ActiveCfg = Release|Any CPU
		{387D3D02-3526-4998-9313-DAF6A7671674}.Release|Any CPU.Build.0 = Release|Any CPU
		{3BAA8004-F89A-4108-A5AF-A36E58534300}.Debug|Any CPU.ActiveCfg = Debug|Any CPU
		{3BAA8004-F89A-4108-A5AF-A36E58534300}.Debug|Any CPU.Build.0 = Debug|Any CPU
		{3BAA8004-F89A-4108-A5AF-A36E58534300}.Release|Any CPU.ActiveCfg = Release|Any CPU
		{3BAA8004-F89A-4108-A5AF-A36E58534300}.Release|Any CPU.Build.0 = Release|Any CPU
		{4312562B-75BC-4F32-996B-77BB0889CE0F}.Debug|Any CPU.ActiveCfg = Debug|Any CPU
		{4312562B-75BC-4F32-996B-77BB0889CE0F}.Debug|Any CPU.Build.0 = Debug|Any CPU
		{4312562B-75BC-4F32-996B-77BB0889CE0F}.Release|Any CPU.ActiveCfg = Release|Any CPU
		{4312562B-75BC-4F32-996B-77BB0889CE0F}.Release|Any CPU.Build.0 = Release|Any CPU
		{43E9FC84-D6CA-40E9-8689-E608AAE5A047}.Debug|Any CPU.ActiveCfg = Debug|Any CPU
		{43E9FC84-D6CA-40E9-8689-E608AAE5A047}.Debug|Any CPU.Build.0 = Debug|Any CPU
		{43E9FC84-D6CA-40E9-8689-E608AAE5A047}.Release|Any CPU.ActiveCfg = Release|Any CPU
		{43E9FC84-D6CA-40E9-8689-E608AAE5A047}.Release|Any CPU.Build.0 = Release|Any CPU
		{5A48C0DD-A7EB-4352-9E7F-341DAEB781DF}.Debug|Any CPU.ActiveCfg = Debug|Any CPU
		{5A48C0DD-A7EB-4352-9E7F-341DAEB781DF}.Debug|Any CPU.Build.0 = Debug|Any CPU
		{5A48C0DD-A7EB-4352-9E7F-341DAEB781DF}.Release|Any CPU.ActiveCfg = Release|Any CPU
		{5A48C0DD-A7EB-4352-9E7F-341DAEB781DF}.Release|Any CPU.Build.0 = Release|Any CPU
		{86134CF7-5920-406B-8E14-D48B2AE56845}.Debug|Any CPU.ActiveCfg = Debug|Any CPU
		{86134CF7-5920-406B-8E14-D48B2AE56845}.Debug|Any CPU.Build.0 = Debug|Any CPU
		{86134CF7-5920-406B-8E14-D48B2AE56845}.Release|Any CPU.ActiveCfg = Release|Any CPU
		{86134CF7-5920-406B-8E14-D48B2AE56845}.Release|Any CPU.Build.0 = Release|Any CPU
		{C4913FA0-7420-4F66-A7A3-F1F5687F2B13}.Debug|Any CPU.ActiveCfg = Debug|Any CPU
		{C4913FA0-7420-4F66-A7A3-F1F5687F2B13}.Debug|Any CPU.Build.0 = Debug|Any CPU
		{C4913FA0-7420-4F66-A7A3-F1F5687F2B13}.Release|Any CPU.ActiveCfg = Release|Any CPU
		{C4913FA0-7420-4F66-A7A3-F1F5687F2B13}.Release|Any CPU.Build.0 = Release|Any CPU
		{C5DFC91B-B292-48FF-ACCA-182B420C64C4}.Debug|Any CPU.ActiveCfg = Debug|Any CPU
		{C5DFC91B-B292-48FF-ACCA-182B420C64C4}.Debug|Any CPU.Build.0 = Debug|Any CPU
		{C5DFC91B-B292-48FF-ACCA-182B420C64C4}.Release|Any CPU.ActiveCfg = Release|Any CPU
		{C5DFC91B-B292-48FF-ACCA-182B420C64C4}.Release|Any CPU.Build.0 = Release|Any CPU
		{C9DE9AB6-07B8-40CD-8D86-06B50637C11F}.Debug|Any CPU.ActiveCfg = Debug|Any CPU
		{C9DE9AB6-07B8-40CD-8D86-06B50637C11F}.Debug|Any CPU.Build.0 = Debug|Any CPU
		{C9DE9AB6-07B8-40CD-8D86-06B50637C11F}.Release|Any CPU.ActiveCfg = Release|Any CPU
		{C9DE9AB6-07B8-40CD-8D86-06B50637C11F}.Release|Any CPU.Build.0 = Release|Any CPU
		{E5ED413E-8F1B-4AA2-BF20-F3A0FEBBB9FD}.Debug|Any CPU.ActiveCfg = Debug|Any CPU
		{E5ED413E-8F1B-4AA2-BF20-F3A0FEBBB9FD}.Debug|Any CPU.Build.0 = Debug|Any CPU
		{E5ED413E-8F1B-4AA2-BF20-F3A0FEBBB9FD}.Release|Any CPU.ActiveCfg = Release|Any CPU
		{E5ED413E-8F1B-4AA2-BF20-F3A0FEBBB9FD}.Release|Any CPU.Build.0 = Release|Any CPU
		{E702733A-D09F-4828-ABF6-A072B5670A19}.Debug|Any CPU.ActiveCfg = Debug|Any CPU
		{E702733A-D09F-4828-ABF6-A072B5670A19}.Debug|Any CPU.Build.0 = Debug|Any CPU
		{E702733A-D09F-4828-ABF6-A072B5670A19}.Release|Any CPU.ActiveCfg = Release|Any CPU
		{E702733A-D09F-4828-ABF6-A072B5670A19}.Release|Any CPU.Build.0 = Release|Any CPU
		{FDA264F8-77B5-4719-94DC-BAC6E9F6AFF8}.Debug|Any CPU.ActiveCfg = Debug|Any CPU
		{FDA264F8-77B5-4719-94DC-BAC6E9F6AFF8}.Debug|Any CPU.Build.0 = Debug|Any CPU
		{FDA264F8-77B5-4719-94DC-BAC6E9F6AFF8}.Release|Any CPU.ActiveCfg = Release|Any CPU
		{FDA264F8-77B5-4719-94DC-BAC6E9F6AFF8}.Release|Any CPU.Build.0 = Release|Any CPU
	EndGlobalSection
	GlobalSection(SolutionProperties) = preSolution
		HideSolutionNode = FALSE
	EndGlobalSection
EndGlobal
